Microsoft Visual Studio Solution File, Format Version 12.00
# Visual Studio Version 17
VisualStudioVersion = 17.5.2.0
MinimumVisualStudioVersion = 10.0.40219.1
Project("{FAE04EC0-301F-11D3-BF4B-00C04F79EFBC}") = "Task5", "Task5\Task5.csproj", "{D06223C5-1164-A98E-7A4D-A8B3645E86E9}"
EndProject
Global
	GlobalSection(SolutionConfigurationPlatforms) = preSolution
		Debug|Any CPU = Debug|Any CPU
		Release|Any CPU = Release|Any CPU
	EndGlobalSection
	GlobalSection(ProjectConfigurationPlatforms) = postSolution
		{D06223C5-1164-A98E-7A4D-A8B3645E86E9}.Debug|Any CPU.ActiveCfg = Debug|Any CPU
		{D06223C5-1164-A98E-7A4D-A8B3645E86E9}.Debug|Any CPU.Build.0 = Debug|Any CPU
		{D06223C5-1164-A98E-7A4D-A8B3645E86E9}.Release|Any CPU.ActiveCfg = Release|Any CPU
		{D06223C5-1164-A98E-7A4D-A8B3645E86E9}.Release|Any CPU.Build.0 = Release|Any CPU
	EndGlobalSection
	GlobalSection(SolutionProperties) = preSolution
		HideSolutionNode = FALSE
	EndGlobalSection
	GlobalSection(ExtensibilityGlobals) = postSolution
		SolutionGuid = {0D474A8F-BE89-43CB-B4A1-AE5BDD52F939}
	EndGlobalSection
EndGlobal
